{
  "requires": true,
  "lockfileVersion": 1,
  "dependencies": {
    "assert": {
      "version": "1.4.1",
      "resolved": "https://registry.npmjs.org/assert/-/assert-1.4.1.tgz",
      "integrity": "sha1-mZEtWRg2tab1s0XA8H7vwI/GXZE=",
      "requires": {
        "util": "0.10.3"
      }
    },
    "base-x": {
      "version": "3.0.4",
      "resolved": "https://registry.npmjs.org/base-x/-/base-x-3.0.4.tgz",
      "integrity": "sha512-UYOadoSIkEI/VrRGSG6qp93rp2WdokiAiNYDfGW5qURAY8GiAQkvMbwNNSDYiVJopqv4gCna7xqf4rrNGp+5AA==",
      "requires": {
        "safe-buffer": "5.1.1"
      }
    },
    "bindings": {
      "version": "1.3.0",
      "resolved": "https://registry.npmjs.org/bindings/-/bindings-1.3.0.tgz",
      "integrity": "sha512-DpLh5EzMR2kzvX1KIlVC0VkC3iZtHKTgdtZ0a3pglBZdaQFjt5S9g9xd1lE+YvXyfd6mtCeRnrUfOLYiTMlNSw=="
    },
    "bip66": {
      "version": "1.1.5",
      "resolved": "https://registry.npmjs.org/bip66/-/bip66-1.1.5.tgz",
      "integrity": "sha1-AfqHSHhcpwlV1QESF9GzE5lpyiI=",
      "requires": {
        "safe-buffer": "5.1.1"
      }
    },
    "bitcore-lib": {
      "version": "0.15.0",
      "resolved": "https://registry.npmjs.org/bitcore-lib/-/bitcore-lib-0.15.0.tgz",
      "integrity": "sha512-AeXLWhiivF6CDFzrABZHT4jJrflyylDWTi32o30rF92HW9msfuKpjzrHtFKYGa9w0kNVv5HABQjCB3OEav4PhQ==",
      "requires": {
        "bn.js": "4.11.8",
        "bs58": "4.0.1",
        "buffer-compare": "1.1.1",
        "elliptic": "6.4.0",
        "inherits": "2.0.1",
        "lodash": "4.17.4"
      }
    },
    "bitcore-mnemonic": {
      "version": "1.5.0",
      "resolved": "https://registry.npmjs.org/bitcore-mnemonic/-/bitcore-mnemonic-1.5.0.tgz",
      "integrity": "sha512-sbeP4xwkindLMfIQhVxj6rZSDMwtiKmfc1DqvwpR6Yg+Qo4I4WHO5pvzb12Y04uDh1N3zgD45esHhfH0HHmE4g==",
      "requires": {
        "bitcore-lib": "0.15.0",
        "unorm": "1.4.1"
      }
    },
    "bn.js": {
      "version": "4.11.8",
      "resolved": "https://registry.npmjs.org/bn.js/-/bn.js-4.11.8.tgz",
      "integrity": "sha512-ItfYfPLkWHUjckQCk8xC+LwxgK8NYcXywGigJgSwOP8Y2iyWT4f2vsZnoOXTTbo+o5yXmIUJ4gn5538SO5S3gA=="
    },
    "brorand": {
      "version": "1.1.0",
      "resolved": "https://registry.npmjs.org/brorand/-/brorand-1.1.0.tgz",
      "integrity": "sha1-EsJe/kCkXjwyPrhnWgoM5XsiNx8="
    },
    "browserify-aes": {
      "version": "1.1.1",
      "resolved": "https://registry.npmjs.org/browserify-aes/-/browserify-aes-1.1.1.tgz",
      "integrity": "sha512-UGnTYAnB2a3YuYKIRy1/4FB2HdM866E0qC46JXvVTYKlBlZlnvfpSfY6OKfXZAkv70eJ2a1SqzpAo5CRhZGDFg==",
      "requires": {
        "buffer-xor": "1.0.3",
        "cipher-base": "1.0.4",
        "create-hash": "1.1.3",
        "evp_bytestokey": "1.0.3",
        "inherits": "2.0.1",
        "safe-buffer": "5.1.1"
      }
    },
    "browserify-sha3": {
      "version": "0.0.1",
      "resolved": "https://registry.npmjs.org/browserify-sha3/-/browserify-sha3-0.0.1.tgz",
      "integrity": "sha1-P/NKMAbvFcD7NWflQbkaI0ASPRE=",
      "requires": {
        "js-sha3": "0.3.1"
      }
    },
    "bs58": {
      "version": "4.0.1",
      "resolved": "https://registry.npmjs.org/bs58/-/bs58-4.0.1.tgz",
      "integrity": "sha1-vhYedsNU9veIrkBx9j806MTwpCo=",
      "requires": {
        "base-x": "3.0.4"
      }
    },
    "buffer-compare": {
      "version": "1.1.1",
      "resolved": "https://registry.npmjs.org/buffer-compare/-/buffer-compare-1.1.1.tgz",
      "integrity": "sha1-W+e+hTr4kZjR9N3AkNHWakiu9ZY="
    },
    "buffer-xor": {
      "version": "1.0.3",
      "resolved": "https://registry.npmjs.org/buffer-xor/-/buffer-xor-1.0.3.tgz",
      "integrity": "sha1-JuYe0UIvtw3ULm42cp7VHYVf6Nk="
    },
    "cipher-base": {
      "version": "1.0.4",
      "resolved": "https://registry.npmjs.org/cipher-base/-/cipher-base-1.0.4.tgz",
      "integrity": "sha512-Kkht5ye6ZGmwv40uUDZztayT2ThLQGfnj/T71N/XzeZeo3nf8foyW7zGTsPYkEya3m5f3cAypH+qe7YOrM1U2Q==",
      "requires": {
        "inherits": "2.0.1",
        "safe-buffer": "5.1.1"
      }
    },
    "create-hash": {
      "version": "1.1.3",
      "resolved": "https://registry.npmjs.org/create-hash/-/create-hash-1.1.3.tgz",
      "integrity": "sha1-YGBCrIuSYnUPSDyt2rD1gZFy2P0=",
      "requires": {
        "cipher-base": "1.0.4",
        "inherits": "2.0.1",
        "ripemd160": "2.0.1",
        "sha.js": "2.4.9"
      }
    },
    "create-hmac": {
      "version": "1.1.6",
      "resolved": "https://registry.npmjs.org/create-hmac/-/create-hmac-1.1.6.tgz",
      "integrity": "sha1-rLniIaThe9sHbpBlfEK5PjcmzwY=",
      "requires": {
        "cipher-base": "1.0.4",
        "create-hash": "1.1.3",
        "inherits": "2.0.1",
        "ripemd160": "2.0.1",
        "safe-buffer": "5.1.1",
        "sha.js": "2.4.9"
      }
    },
    "drbg.js": {
      "version": "1.0.1",
      "resolved": "https://registry.npmjs.org/drbg.js/-/drbg.js-1.0.1.tgz",
      "integrity": "sha1-Pja2xCs3BDgjzbwzLVjzHiRFSAs=",
      "requires": {
        "browserify-aes": "1.1.1",
        "create-hash": "1.1.3",
        "create-hmac": "1.1.6"
      }
    },
    "elliptic": {
      "version": "6.4.0",
      "resolved": "https://registry.npmjs.org/elliptic/-/elliptic-6.4.0.tgz",
      "integrity": "sha1-ysmvh2LIWDYYcAPI3+GT5eLq5d8=",
      "requires": {
        "bn.js": "4.11.8",
        "brorand": "1.1.0",
        "hash.js": "1.1.3",
        "hmac-drbg": "1.0.1",
        "inherits": "2.0.1",
        "minimalistic-assert": "1.0.0",
        "minimalistic-crypto-utils": "1.0.1"
      }
    },
    "ethereum-bip44": {
      "version": "2.1.3",
      "resolved": "https://registry.npmjs.org/ethereum-bip44/-/ethereum-bip44-2.1.3.tgz",
      "integrity": "sha1-sf3b99knMWJo0Q0FNfippmdVHS4=",
      "requires": {
        "assert": "1.4.1",
        "bitcore-lib": "0.13.13",
        "elliptic": "6.2.3",
        "ethereumjs-util": "4.0.1"
      },
      "dependencies": {
        "bitcore-lib": {
          "version": "0.13.13",
          "resolved": "https://registry.npmjs.org/bitcore-lib/-/bitcore-lib-0.13.13.tgz",
          "integrity": "sha1-+mP047G1KrcGgVeZ2neTYjE1TJ0=",
          "requires": {
            "bn.js": "2.0.4",
            "bs58": "2.0.0",
            "buffer-compare": "1.0.0",
            "elliptic": "3.0.3",
            "inherits": "2.0.1",
            "lodash": "3.10.1",
            "sha512": "0.0.1"
          },
          "dependencies": {
            "bn.js": {
              "version": "2.0.4",
              "resolved": "https://registry.npmjs.org/bn.js/-/bn.js-2.0.4.tgz",
              "integrity": "sha1-Igp81nf38b+pNif/QZN3b+eBlIA="
            },
            "bs58": {
              "version": "2.0.0",
              "resolved": "https://registry.npmjs.org/bs58/-/bs58-2.0.0.tgz",
              "integrity": "sha1-crcTvtIjoKxRi72g484/SBfznrU="
            },
            "buffer-compare": {
              "version": "1.0.0",
              "resolved": "https://registry.npmjs.org/buffer-compare/-/buffer-compare-1.0.0.tgz",
              "integrity": "sha1-rKp6lm6Y7un64Usxw5pfFY+zxKI="
            },
            "elliptic": {
              "version": "3.0.3",
              "resolved": "https://registry.npmjs.org/elliptic/-/elliptic-3.0.3.tgz",
              "integrity": "sha1-hlybQgv75VAGuflp+XoNLESWZZU=",
              "requires": {
                "bn.js": "2.0.4",
                "brorand": "1.0.5",
                "hash.js": "1.0.3",
                "inherits": "2.0.1"
              },
              "dependencies": {
                "brorand": {
                  "version": "1.0.5",
                  "resolved": "https://registry.npmjs.org/brorand/-/brorand-1.0.5.tgz",
                  "integrity": "sha1-B7VMowKGq9Fxig4qgwgD79yb+gQ="
                },
                "hash.js": {
                  "version": "1.0.3",
                  "resolved": "https://registry.npmjs.org/hash.js/-/hash.js-1.0.3.tgz",
                  "integrity": "sha1-EzL/ABVsCg/92CNgE9B7d6BFFXM=",
                  "requires": {
                    "inherits": "2.0.1"
                  }
                }
              }
            },
            "inherits": {
              "version": "2.0.1",
              "resolved": "https://registry.npmjs.org/inherits/-/inherits-2.0.1.tgz",
              "integrity": "sha1-sX0I0ya0Qj5Wjv9xn5GwscvfafE="
            },
            "lodash": {
              "version": "3.10.1",
              "resolved": "https://registry.npmjs.org/lodash/-/lodash-3.10.1.tgz",
              "integrity": "sha1-W/Rejkm6QYnhfUgnid/RW9FAt7Y="
            },
            "sha512": {
              "version": "0.0.1",
              "resolved": "https://registry.npmjs.org/sha512/-/sha512-0.0.1.tgz",
              "integrity": "sha1-JuWQIu9qvHXHNE8KXvOTbK8lQtU="
            }
          }
        },
        "elliptic": {
          "version": "6.2.3",
          "resolved": "https://registry.npmjs.org/elliptic/-/elliptic-6.2.3.tgz",
          "integrity": "sha1-GORtcwawlRJ1otQgYycKFLdOvpk=",
          "requires": {
            "bn.js": "4.11.8",
            "brorand": "1.1.0",
            "hash.js": "1.1.3",
            "inherits": "2.0.1"
          }
        }
      }
    },
    "ethereumjs-util": {
      "version": "4.0.1",
      "resolved": "https://registry.npmjs.org/ethereumjs-util/-/ethereumjs-util-4.0.1.tgz",
      "integrity": "sha1-+2PsFR4DMC70Xe8lZM5lyVYMbco=",
      "requires": {
        "bn.js": "4.11.8",
        "keccakjs": "0.1.0",
        "rlp": "2.0.0",
        "secp256k1": "3.4.0"
      }
    },
    "evp_bytestokey": {
      "version": "1.0.3",
      "resolved": "https://registry.npmjs.org/evp_bytestokey/-/evp_bytestokey-1.0.3.tgz",
      "integrity": "sha512-/f2Go4TognH/KvCISP7OUsHn85hT9nUkxxA9BEWxFn+Oj9o8ZNLm/40hdlgSLyuOimsrTKLUMEorQexp/aPQeA==",
      "requires": {
        "md5.js": "1.3.4",
        "safe-buffer": "5.1.1"
      }
    },
    "hash-base": {
      "version": "2.0.2",
      "resolved": "https://registry.npmjs.org/hash-base/-/hash-base-2.0.2.tgz",
      "integrity": "sha1-ZuodhW206KVHDK32/OI65SRO8uE=",
      "requires": {
        "inherits": "2.0.1"
      }
    },
    "hash.js": {
      "version": "1.1.3",
      "resolved": "https://registry.npmjs.org/hash.js/-/hash.js-1.1.3.tgz",
      "integrity": "sha512-/UETyP0W22QILqS+6HowevwhEFJ3MBJnwTf75Qob9Wz9t0DPuisL8kW8YZMK62dHAKE1c1p+gY1TtOLY+USEHA==",
      "requires": {
        "inherits": "2.0.3",
        "minimalistic-assert": "1.0.0"
      },
      "dependencies": {
        "inherits": {
          "version": "2.0.3",
          "resolved": "https://registry.npmjs.org/inherits/-/inherits-2.0.3.tgz",
          "integrity": "sha1-Yzwsg+PaQqUC9SRmAiSA9CCCYd4="
        }
      }
    },
    "hmac-drbg": {
      "version": "1.0.1",
      "resolved": "https://registry.npmjs.org/hmac-drbg/-/hmac-drbg-1.0.1.tgz",
      "integrity": "sha1-0nRXAQJabHdabFRXk+1QL8DGSaE=",
      "requires": {
        "hash.js": "1.1.3",
        "minimalistic-assert": "1.0.0",
        "minimalistic-crypto-utils": "1.0.1"
      }
    },
    "inherits": {
      "version": "2.0.1",
      "resolved": "https://registry.npmjs.org/inherits/-/inherits-2.0.1.tgz",
      "integrity": "sha1-sX0I0ya0Qj5Wjv9xn5GwscvfafE="
    },
    "js-sha3": {
      "version": "0.3.1",
      "resolved": "https://registry.npmjs.org/js-sha3/-/js-sha3-0.3.1.tgz",
      "integrity": "sha1-hhIoAhQvCChQKg0d7h2V4lO7AkM="
    },
    "keccakjs": {
      "version": "0.1.0",
      "resolved": "https://registry.npmjs.org/keccakjs/-/keccakjs-0.1.0.tgz",
      "integrity": "sha1-Q6pxv1+mbzhBQLTwYoMfachro9A=",
      "requires": {
        "browserify-sha3": "0.0.1",
        "sha3": "1.2.0"
      }
    },
    "lodash": {
      "version": "4.17.4",
      "resolved": "https://registry.npmjs.org/lodash/-/lodash-4.17.4.tgz",
      "integrity": "sha1-eCA6TRwyiuHYbcpkYONptX9AVa4="
    },
    "md5.js": {
      "version": "1.3.4",
      "resolved": "https://registry.npmjs.org/md5.js/-/md5.js-1.3.4.tgz",
      "integrity": "sha1-6b296UogpawYsENA/Fdk1bCdkB0=",
      "requires": {
        "hash-base": "3.0.4",
        "inherits": "2.0.1"
      },
      "dependencies": {
        "hash-base": {
          "version": "3.0.4",
          "resolved": "https://registry.npmjs.org/hash-base/-/hash-base-3.0.4.tgz",
          "integrity": "sha1-X8hoaEfs1zSZQDMZprCj8/auSRg=",
          "requires": {
            "inherits": "2.0.1",
            "safe-buffer": "5.1.1"
          }
        }
      }
    },
    "minimalistic-assert": {
      "version": "1.0.0",
      "resolved": "https://registry.npmjs.org/minimalistic-assert/-/minimalistic-assert-1.0.0.tgz",
      "integrity": "sha1-cCvi3aazf0g2vLP121ZkG2Sh09M="
    },
    "minimalistic-crypto-utils": {
      "version": "1.0.1",
      "resolved": "https://registry.npmjs.org/minimalistic-crypto-utils/-/minimalistic-crypto-utils-1.0.1.tgz",
      "integrity": "sha1-9sAMHAsIIkblxNmd+4x8CDsrWCo="
    },
    "nan": {
      "version": "2.8.0",
      "resolved": "https://registry.npmjs.org/nan/-/nan-2.8.0.tgz",
      "integrity": "sha1-7XFfP+neArV6XmJS2QqWZ14fCFo="
    },
    "ripemd160": {
      "version": "2.0.1",
      "resolved": "https://registry.npmjs.org/ripemd160/-/ripemd160-2.0.1.tgz",
      "integrity": "sha1-D0WEKVxTo2KK9+bXmsohzlfRxuc=",
      "requires": {
        "hash-base": "2.0.2",
        "inherits": "2.0.1"
      }
    },
    "rlp": {
      "version": "2.0.0",
      "resolved": "https://registry.npmjs.org/rlp/-/rlp-2.0.0.tgz",
      "integrity": "sha1-nbOE/0uJqPYVY9kjldhiWxjzr7A="
    },
    "safe-buffer": {
      "version": "5.1.1",
      "resolved": "https://registry.npmjs.org/safe-buffer/-/safe-buffer-5.1.1.tgz",
      "integrity": "sha512-kKvNJn6Mm93gAczWVJg7wH+wGYWNrDHdWvpUmHyEsgCtIwwo3bqPtV4tR5tuPaUhTOo/kvhVwd8XwwOllGYkbg=="
    },
    "secp256k1": {
      "version": "3.4.0",
      "resolved": "https://registry.npmjs.org/secp256k1/-/secp256k1-3.4.0.tgz",
      "integrity": "sha512-eC120ESQ6MB3gMkxj0PVcSjv/9VtSUmm9uPGNc58yTs93iMCUQZ1xeGPidQMY1z1O4psbCtOxRu3vNqpbuck6Q==",
      "requires": {
        "bindings": "1.3.0",
        "bip66": "1.1.5",
        "bn.js": "4.11.8",
        "create-hash": "1.1.3",
        "drbg.js": "1.0.1",
        "elliptic": "6.4.0",
        "nan": "2.8.0",
        "safe-buffer": "5.1.1"
      }
    },
    "sha.js": {
      "version": "2.4.9",
      "resolved": "https://registry.npmjs.org/sha.js/-/sha.js-2.4.9.tgz",
      "integrity": "sha512-G8zektVqbiPHrylgew9Zg1VRB1L/DtXNUVAM6q4QLy8NE3qtHlFXTf8VLL4k1Yl6c7NMjtZUTdXV+X44nFaT6A==",
      "requires": {
        "inherits": "2.0.1",
        "safe-buffer": "5.1.1"
      }
    },
    "sha3": {
      "version": "1.2.0",
      "resolved": "https://registry.npmjs.org/sha3/-/sha3-1.2.0.tgz",
      "integrity": "sha1-aYnxtwpJhwWHajc+LGKs6WqpOZo=",
      "requires": {
        "nan": "2.8.0"
      }
    },
    "unorm": {
      "version": "1.4.1",
      "resolved": "https://registry.npmjs.org/unorm/-/unorm-1.4.1.tgz",
      "integrity": "sha1-NkIA1fE2RsqLzURJAnEzVhR5IwA="
    },
    "util": {
      "version": "0.10.3",
      "resolved": "https://registry.npmjs.org/util/-/util-0.10.3.tgz",
      "integrity": "sha1-evsa/lCAUkZInj23/g7TeTNqwPk=",
      "requires": {
        "inherits": "2.0.1"
      }
    }
  }
}
